// !$*UTF8*$!
{
	archiveVersion = 1;
	classes = {
	};
	objectVersion = 46;
	objects = {

/* Begin PBXBuildFile section */
		2DE8E0871D7910A000FE256E /* main.m in Sources */ = {isa = PBXBuildFile; fileRef = 2DE8E0861D7910A000FE256E /* main.m */; };
		2DE8E08A1D7910A000FE256E /* AppDelegate.m in Sources */ = {isa = PBXBuildFile; fileRef = 2DE8E0891D7910A000FE256E /* AppDelegate.m */; };
		2DE8E08D1D7910A000FE256E /* ViewController.m in Sources */ = {isa = PBXBuildFile; fileRef = 2DE8E08C1D7910A000FE256E /* ViewController.m */; };
		2DE8E0901D7910A000FE256E /* Main.storyboard in Resources */ = {isa = PBXBuildFile; fileRef = 2DE8E08E1D7910A000FE256E /* Main.storyboard */; };
		2DE8E0921D7910A000FE256E /* Assets.xcassets in Resources */ = {isa = PBXBuildFile; fileRef = 2DE8E0911D7910A000FE256E /* Assets.xcassets */; };
		2DE8E0951D7910A000FE256E /* LaunchScreen.storyboard in Resources */ = {isa = PBXBuildFile; fileRef = 2DE8E0931D7910A000FE256E /* LaunchScreen.storyboard */; };
		2DE8E0A01D7910A000FE256E /* FRLabelChooseDemo_wangyiTests.m in Sources */ = {isa = PBXBuildFile; fileRef = 2DE8E09F1D7910A000FE256E /* FRLabelChooseDemo_wangyiTests.m */; };
		2DE8E0AB1D7910A000FE256E /* FRLabelChooseDemo_wangyiUITests.m in Sources */ = {isa = PBXBuildFile; fileRef = 2DE8E0AA1D7910A000FE256E /* FRLabelChooseDemo_wangyiUITests.m */; };
		2DE8E0BE1D79111500FE256E /* FRArrowButton.m in Sources */ = {isa = PBXBuildFile; fileRef = 2DE8E0BD1D79111500FE256E /* FRArrowButton.m */; };
		2DE8E0C11D79113E00FE256E /* FRListBarScrollView.m in Sources */ = {isa = PBXBuildFile; fileRef = 2DE8E0C01D79113E00FE256E /* FRListBarScrollView.m */; };
		2DE8E0C41D79114F00FE256E /* FRDeleteBarView.m in Sources */ = {isa = PBXBuildFile; fileRef = 2DE8E0C31D79114F00FE256E /* FRDeleteBarView.m */; };
		2DE8E0CD1D79118D00FE256E /* FRListItemButton.m in Sources */ = {isa = PBXBuildFile; fileRef = 2DE8E0CC1D79118D00FE256E /* FRListItemButton.m */; };
		2DE8E0D01D79119E00FE256E /* FRDetailsListScrollView.m in Sources */ = {isa = PBXBuildFile; fileRef = 2DE8E0CF1D79119E00FE256E /* FRDetailsListScrollView.m */; };
		2DE8E0D31D7911B100FE256E /* FRScrollerScrollView.m in Sources */ = {isa = PBXBuildFile; fileRef = 2DE8E0D21D7911B100FE256E /* FRScrollerScrollView.m */; };
/* End PBXBuildFile section */

/* Begin PBXContainerItemProxy section */
		2DE8E09C1D7910A000FE256E /* PBXContainerItemProxy */ = {
			isa = PBXContainerItemProxy;
			containerPortal = 2DE8E07A1D7910A000FE256E /* Project object */;
			proxyType = 1;
			remoteGlobalIDString = 2DE8E0811D7910A000FE256E;
			remoteInfo = "FRLabelChooseDemo-wangyi";
		};
		2DE8E0A71D7910A000FE256E /* PBXContainerItemProxy */ = {
			isa = PBXContainerItemProxy;
			containerPortal = 2DE8E07A1D7910A000FE256E /* Project object */;
			proxyType = 1;
			remoteGlobalIDString = 2DE8E0811D7910A000FE256E;
			remoteInfo = "FRLabelChooseDemo-wangyi";
		};
/* End PBXContainerItemProxy section */

/* Begin PBXFileReference section */
		2DE8E0821D7910A000FE256E /* FRLabelChooseDemo-wangyi.app */ = {isa = PBXFileReference; explicitFileType = wrapper.application; includeInIndex = 0; path = "FRLabelChooseDemo-wangyi.app"; sourceTree = BUILT_PRODUCTS_DIR; };
		2DE8E0861D7910A000FE256E /* main.m */ = {isa = PBXFileReference; lastKnownFileType = sourcecode.c.objc; path = main.m; sourceTree = "<group>"; };
		2DE8E0881D7910A000FE256E /* AppDelegate.h */ = {isa = PBXFileReference; lastKnownFileType = sourcecode.c.h; path = AppDelegate.h; sourceTree = "<group>"; };
		2DE8E0891D7910A000FE256E /* AppDelegate.m */ = {isa = PBXFileReference; lastKnownFileType = sourcecode.c.objc; path = AppDelegate.m; sourceTree = "<group>"; };
		2DE8E08B1D7910A000FE256E /* ViewController.h */ = {isa = PBXFileReference; lastKnownFileType = sourcecode.c.h; path = ViewController.h; sourceTree = "<group>"; };
		2DE8E08C1D7910A000FE256E /* ViewController.m */ = {isa = PBXFileReference; lastKnownFileType = sourcecode.c.objc; path = ViewController.m; sourceTree = "<group>"; };
		2DE8E08F1D7910A000FE256E /* Base */ = {isa = PBXFileReference; lastKnownFileType = file.storyboard; name = Base; path = Base.lproj/Main.storyboard; sourceTree = "<group>"; };
		2DE8E0911D7910A000FE256E /* Assets.xcassets */ = {isa = PBXFileReference; lastKnownFileType = folder.assetcatalog; path = Assets.xcassets; sourceTree = "<group>"; };
		2DE8E0941D7910A000FE256E /* Base */ = {isa = PBXFileReference; lastKnownFileType = file.storyboard; name = Base; path = Base.lproj/LaunchScreen.storyboard; sourceTree = "<group>"; };
		2DE8E0961D7910A000FE256E /* Info.plist */ = {isa = PBXFileReference; lastKnownFileType = text.plist.xml; path = Info.plist; sourceTree = "<group>"; };
		2DE8E09B1D7910A000FE256E /* FRLabelChooseDemo-wangyiTests.xctest */ = {isa = PBXFileReference; explicitFileType = wrapper.cfbundle; includeInIndex = 0; path = "FRLabelChooseDemo-wangyiTests.xctest"; sourceTree = BUILT_PRODUCTS_DIR; };
		2DE8E09F1D7910A000FE256E /* FRLabelChooseDemo_wangyiTests.m */ = {isa = PBXFileReference; lastKnownFileType = sourcecode.c.objc; path = FRLabelChooseDemo_wangyiTests.m; sourceTree = "<group>"; };
		2DE8E0A11D7910A000FE256E /* Info.plist */ = {isa = PBXFileReference; lastKnownFileType = text.plist.xml; path = Info.plist; sourceTree = "<group>"; };
		2DE8E0A61D7910A000FE256E /* FRLabelChooseDemo-wangyiUITests.xctest */ = {isa = PBXFileReference; explicitFileType = wrapper.cfbundle; includeInIndex = 0; path = "FRLabelChooseDemo-wangyiUITests.xctest"; sourceTree = BUILT_PRODUCTS_DIR; };
		2DE8E0AA1D7910A000FE256E /* FRLabelChooseDemo_wangyiUITests.m */ = {isa = PBXFileReference; lastKnownFileType = sourcecode.c.objc; path = FRLabelChooseDemo_wangyiUITests.m; sourceTree = "<group>"; };
		2DE8E0AC1D7910A000FE256E /* Info.plist */ = {isa = PBXFileReference; lastKnownFileType = text.plist.xml; path = Info.plist; sourceTree = "<group>"; };
		2DE8E0BC1D79111500FE256E /* FRArrowButton.h */ = {isa = PBXFileReference; fileEncoding = 4; lastKnownFileType = sourcecode.c.h; path = FRArrowButton.h; sourceTree = "<group>"; };
		2DE8E0BD1D79111500FE256E /* FRArrowButton.m */ = {isa = PBXFileReference; fileEncoding = 4; lastKnownFileType = sourcecode.c.objc; path = FRArrowButton.m; sourceTree = "<group>"; };
		2DE8E0BF1D79113E00FE256E /* FRListBarScrollView.h */ = {isa = PBXFileReference; fileEncoding = 4; lastKnownFileType = sourcecode.c.h; path = FRListBarScrollView.h; sourceTree = "<group>"; };
		2DE8E0C01D79113E00FE256E /* FRListBarScrollView.m */ = {isa = PBXFileReference; fileEncoding = 4; lastKnownFileType = sourcecode.c.objc; path = FRListBarScrollView.m; sourceTree = "<group>"; };
		2DE8E0C21D79114F00FE256E /* FRDeleteBarView.h */ = {isa = PBXFileReference; fileEncoding = 4; lastKnownFileType = sourcecode.c.h; path = FRDeleteBarView.h; sourceTree = "<group>"; };
		2DE8E0C31D79114F00FE256E /* FRDeleteBarView.m */ = {isa = PBXFileReference; fileEncoding = 4; lastKnownFileType = sourcecode.c.objc; path = FRDeleteBarView.m; sourceTree = "<group>"; };
		2DE8E0CB1D79118D00FE256E /* FRListItemButton.h */ = {isa = PBXFileReference; fileEncoding = 4; lastKnownFileType = sourcecode.c.h; path = FRListItemButton.h; sourceTree = "<group>"; };
		2DE8E0CC1D79118D00FE256E /* FRListItemButton.m */ = {isa = PBXFileReference; fileEncoding = 4; lastKnownFileType = sourcecode.c.objc; path = FRListItemButton.m; sourceTree = "<group>"; };
		2DE8E0CE1D79119E00FE256E /* FRDetailsListScrollView.h */ = {isa = PBXFileReference; fileEncoding = 4; lastKnownFileType = sourcecode.c.h; path = FRDetailsListScrollView.h; sourceTree = "<group>"; };
		2DE8E0CF1D79119E00FE256E /* FRDetailsListScrollView.m */ = {isa = PBXFileReference; fileEncoding = 4; lastKnownFileType = sourcecode.c.objc; path = FRDetailsListScrollView.m; sourceTree = "<group>"; };
		2DE8E0D11D7911B100FE256E /* FRScrollerScrollView.h */ = {isa = PBXFileReference; fileEncoding = 4; lastKnownFileType = sourcecode.c.h; path = FRScrollerScrollView.h; sourceTree = "<group>"; };
		2DE8E0D21D7911B100FE256E /* FRScrollerScrollView.m */ = {isa = PBXFileReference; fileEncoding = 4; lastKnownFileType = sourcecode.c.objc; path = FRScrollerScrollView.m; sourceTree = "<group>"; };
		2DE8E0D41D79142C00FE256E /* FRLabel.pch */ = {isa = PBXFileReference; lastKnownFileType = sourcecode.c.h; path = FRLabel.pch; sourceTree = "<group>"; };
/* End PBXFileReference section */

/* Begin PBXFrameworksBuildPhase section */
		2DE8E07F1D7910A000FE256E /* Frameworks */ = {
			isa = PBXFrameworksBuildPhase;
			buildActionMask = 2147483647;
			files = (
			);
			runOnlyForDeploymentPostprocessing = 0;
		};
		2DE8E0981D7910A000FE256E /* Frameworks */ = {
			isa = PBXFrameworksBuildPhase;
			buildActionMask = 2147483647;
			files = (
			);
			runOnlyForDeploymentPostprocessing = 0;
		};
		2DE8E0A31D7910A000FE256E /* Frameworks */ = {
			isa = PBXFrameworksBuildPhase;
			buildActionMask = 2147483647;
			files = (
			);
			runOnlyForDeploymentPostprocessing = 0;
		};
/* End PBXFrameworksBuildPhase section */

/* Begin PBXGroup section */
		2DE8E0791D7910A000FE256E = {
			isa = PBXGroup;
			children = (
				2DE8E0841D7910A000FE256E /* FRLabelChooseDemo-wangyi */,
				2DE8E09E1D7910A000FE256E /* FRLabelChooseDemo-wangyiTests */,
				2DE8E0A91D7910A000FE256E /* FRLabelChooseDemo-wangyiUITests */,
				2DE8E0831D7910A000FE256E /* Products */,
			);
			sourceTree = "<group>";
		};
		2DE8E0831D7910A000FE256E /* Products */ = {
			isa = PBXGroup;
			children = (
				2DE8E0821D7910A000FE256E /* FRLabelChooseDemo-wangyi.app */,
				2DE8E09B1D7910A000FE256E /* FRLabelChooseDemo-wangyiTests.xctest */,
				2DE8E0A61D7910A000FE256E /* FRLabelChooseDemo-wangyiUITests.xctest */,
			);
			name = Products;
			sourceTree = "<group>";
		};
		2DE8E0841D7910A000FE256E /* FRLabelChooseDemo-wangyi */ = {
			isa = PBXGroup;
			children = (
				2DE8E0B81D7910DA00FE256E /* FRLabel */,
				2DE8E0881D7910A000FE256E /* AppDelegate.h */,
				2DE8E0891D7910A000FE256E /* AppDelegate.m */,
				2DE8E08B1D7910A000FE256E /* ViewController.h */,
				2DE8E08C1D7910A000FE256E /* ViewController.m */,
				2DE8E08E1D7910A000FE256E /* Main.storyboard */,
				2DE8E0911D7910A000FE256E /* Assets.xcassets */,
				2DE8E0931D7910A000FE256E /* LaunchScreen.storyboard */,
				2DE8E0961D7910A000FE256E /* Info.plist */,
				2DE8E0851D7910A000FE256E /* Supporting Files */,
			);
			path = "FRLabelChooseDemo-wangyi";
			sourceTree = "<group>";
		};
		2DE8E0851D7910A000FE256E /* Supporting Files */ = {
			isa = PBXGroup;
			children = (
				2DE8E0861D7910A000FE256E /* main.m */,
			);
			name = "Supporting Files";
			sourceTree = "<group>";
		};
		2DE8E09E1D7910A000FE256E /* FRLabelChooseDemo-wangyiTests */ = {
			isa = PBXGroup;
			children = (
				2DE8E09F1D7910A000FE256E /* FRLabelChooseDemo_wangyiTests.m */,
				2DE8E0A11D7910A000FE256E /* Info.plist */,
			);
			path = "FRLabelChooseDemo-wangyiTests";
			sourceTree = "<group>";
		};
		2DE8E0A91D7910A000FE256E /* FRLabelChooseDemo-wangyiUITests */ = {
			isa = PBXGroup;
			children = (
				2DE8E0AA1D7910A000FE256E /* FRLabelChooseDemo_wangyiUITests.m */,
				2DE8E0AC1D7910A000FE256E /* Info.plist */,
			);
			path = "FRLabelChooseDemo-wangyiUITests";
			sourceTree = "<group>";
		};
		2DE8E0B81D7910DA00FE256E /* FRLabel */ = {
			isa = PBXGroup;
			children = (
				2DE8E0BC1D79111500FE256E /* FRArrowButton.h */,
				2DE8E0BD1D79111500FE256E /* FRArrowButton.m */,
				2DE8E0BF1D79113E00FE256E /* FRListBarScrollView.h */,
				2DE8E0C01D79113E00FE256E /* FRListBarScrollView.m */,
				2DE8E0C21D79114F00FE256E /* FRDeleteBarView.h */,
				2DE8E0C31D79114F00FE256E /* FRDeleteBarView.m */,
				2DE8E0CE1D79119E00FE256E /* FRDetailsListScrollView.h */,
				2DE8E0CF1D79119E00FE256E /* FRDetailsListScrollView.m */,
				2DE8E0CB1D79118D00FE256E /* FRListItemButton.h */,
				2DE8E0CC1D79118D00FE256E /* FRListItemButton.m */,
				2DE8E0D11D7911B100FE256E /* FRScrollerScrollView.h */,
				2DE8E0D21D7911B100FE256E /* FRScrollerScrollView.m */,
				2DE8E0D41D79142C00FE256E /* FRLabel.pch */,
			);
			path = FRLabel;
			sourceTree = "<group>";
		};
/* End PBXGroup section */

/* Begin PBXNativeTarget section */
		2DE8E0811D7910A000FE256E /* FRLabelChooseDemo-wangyi */ = {
			isa = PBXNativeTarget;
			buildConfigurationList = 2DE8E0AF1D7910A000FE256E /* Build configuration list for PBXNativeTarget "FRLabelChooseDemo-wangyi" */;
			buildPhases = (
				2DE8E07E1D7910A000FE256E /* Sources */,
				2DE8E07F1D7910A000FE256E /* Frameworks */,
				2DE8E0801D7910A000FE256E /* Resources */,
			);
			buildRules = (
			);
			dependencies = (
			);
			name = "FRLabelChooseDemo-wangyi";
			productName = "FRLabelChooseDemo-wangyi";
			productReference = 2DE8E0821D7910A000FE256E /* FRLabelChooseDemo-wangyi.app */;
			productType = "com.apple.product-type.application";
		};
		2DE8E09A1D7910A000FE256E /* FRLabelChooseDemo-wangyiTests */ = {
			isa = PBXNativeTarget;
			buildConfigurationList = 2DE8E0B21D7910A000FE256E /* Build configuration list for PBXNativeTarget "FRLabelChooseDemo-wangyiTests" */;
			buildPhases = (
				2DE8E0971D7910A000FE256E /* Sources */,
				2DE8E0981D7910A000FE256E /* Frameworks */,
				2DE8E0991D7910A000FE256E /* Resources */,
			);
			buildRules = (
			);
			dependencies = (
				2DE8E09D1D7910A000FE256E /* PBXTargetDependency */,
			);
			name = "FRLabelChooseDemo-wangyiTests";
			productName = "FRLabelChooseDemo-wangyiTests";
			productReference = 2DE8E09B1D7910A000FE256E /* FRLabelChooseDemo-wangyiTests.xctest */;
			productType = "com.apple.product-type.bundle.unit-test";
		};
		2DE8E0A51D7910A000FE256E /* FRLabelChooseDemo-wangyiUITests */ = {
			isa = PBXNativeTarget;
			buildConfigurationList = 2DE8E0B51D7910A000FE256E /* Build configuration list for PBXNativeTarget "FRLabelChooseDemo-wangyiUITests" */;
			buildPhases = (
				2DE8E0A21D7910A000FE256E /* Sources */,
				2DE8E0A31D7910A000FE256E /* Frameworks */,
				2DE8E0A41D7910A000FE256E /* Resources */,
			);
			buildRules = (
			);
			dependencies = (
				2DE8E0A81D7910A000FE256E /* PBXTargetDependency */,
			);
			name = "FRLabelChooseDemo-wangyiUITests";
			productName = "FRLabelChooseDemo-wangyiUITests";
			productReference = 2DE8E0A61D7910A000FE256E /* FRLabelChooseDemo-wangyiUITests.xctest */;
			productType = "com.apple.product-type.bundle.ui-testing";
		};
/* End PBXNativeTarget section */

/* Begin PBXProject section */
		2DE8E07A1D7910A000FE256E /* Project object */ = {
			isa = PBXProject;
			attributes = {
				LastUpgradeCheck = 0730;
				ORGANIZATIONNAME = "张福润";
				TargetAttributes = {
					2DE8E0811D7910A000FE256E = {
						CreatedOnToolsVersion = 7.3.1;
					};
					2DE8E09A1D7910A000FE256E = {
						CreatedOnToolsVersion = 7.3.1;
						TestTargetID = 2DE8E0811D7910A000FE256E;
					};
					2DE8E0A51D7910A000FE256E = {
						CreatedOnToolsVersion = 7.3.1;
						TestTargetID = 2DE8E0811D7910A000FE256E;
					};
				};
			};
			buildConfigurationList = 2DE8E07D1D7910A000FE256E /* Build configuration list for PBXProject "FRLabelChooseDemo-wangyi" */;
			compatibilityVersion = "Xcode 3.2";
			developmentRegion = English;
			hasScannedForEncodings = 0;
			knownRegions = (
				en,
				Base,
			);
			mainGroup = 2DE8E0791D7910A000FE256E;
			productRefGroup = 2DE8E0831D7910A000FE256E /* Products */;
			projectDirPath = "";
			projectRoot = "";
			targets = (
				2DE8E0811D7910A000FE256E /* FRLabelChooseDemo-wangyi */,
				2DE8E09A1D7910A000FE256E /* FRLabelChooseDemo-wangyiTests */,
				2DE8E0A51D7910A000FE256E /* FRLabelChooseDemo-wangyiUITests */,
			);
		};
/* End PBXProject section */

/* Begin PBXResourcesBuildPhase section */
		2DE8E0801D7910A000FE256E /* Resources */ = {
			isa = PBXResourcesBuildPhase;
			buildActionMask = 2147483647;
			files = (
				2DE8E0951D7910A000FE256E /* LaunchScreen.storyboard in Resources */,
				2DE8E0921D7910A000FE256E /* Assets.xcassets in Resources */,
				2DE8E0901D7910A000FE256E /* Main.storyboard in Resources */,
			);
			runOnlyForDeploymentPostprocessing = 0;
		};
		2DE8E0991D7910A000FE256E /* Resources */ = {
			isa = PBXResourcesBuildPhase;
			buildActionMask = 2147483647;
			files = (
			);
			runOnlyForDeploymentPostprocessing = 0;
		};
		2DE8E0A41D7910A000FE256E /* Resources */ = {
			isa = PBXResourcesBuildPhase;
			buildActionMask = 2147483647;
			files = (
			);
			runOnlyForDeploymentPostprocessing = 0;
		};
/* End PBXResourcesBuildPhase section */

/* Begin PBXSourcesBuildPhase section */
		2DE8E07E1D7910A000FE256E /* Sources */ = {
			isa = PBXSourcesBuildPhase;
			buildActionMask = 2147483647;
			files = (
				2DE8E0D01D79119E00FE256E /* FRDetailsListScrollView.m in Sources */,
				2DE8E0D31D7911B100FE256E /* FRScrollerScrollView.m in Sources */,
				2DE8E08D1D7910A000FE256E /* ViewController.m in Sources */,
				2DE8E0BE1D79111500FE256E /* FRArrowButton.m in Sources */,
				2DE8E0C11D79113E00FE256E /* FRListBarScrollView.m in Sources */,
				2DE8E0CD1D79118D00FE256E /* FRListItemButton.m in Sources */,
				2DE8E0C41D79114F00FE256E /* FRDeleteBarView.m in Sources */,
				2DE8E08A1D7910A000FE256E /* AppDelegate.m in Sources */,
				2DE8E0871D7910A000FE256E /* main.m in Sources */,
			);
			runOnlyForDeploymentPostprocessing = 0;
		};
		2DE8E0971D7910A000FE256E /* Sources */ = {
			isa = PBXSourcesBuildPhase;
			buildActionMask = 2147483647;
			files = (
				2DE8E0A01D7910A000FE256E /* FRLabelChooseDemo_wangyiTests.m in Sources */,
			);
			runOnlyForDeploymentPostprocessing = 0;
		};
		2DE8E0A21D7910A000FE256E /* Sources */ = {
			isa = PBXSourcesBuildPhase;
			buildActionMask = 2147483647;
			files = (
				2DE8E0AB1D7910A000FE256E /* FRLabelChooseDemo_wangyiUITests.m in Sources */,
			);
			runOnlyForDeploymentPostprocessing = 0;
		};
/* End PBXSourcesBuildPhase section */

/* Begin PBXTargetDependency section */
		2DE8E09D1D7910A000FE256E /* PBXTargetDependency */ = {
			isa = PBXTargetDependency;
			target = 2DE8E0811D7910A000FE256E /* FRLabelChooseDemo-wangyi */;
			targetProxy = 2DE8E09C1D7910A000FE256E /* PBXContainerItemProxy */;
		};
		2DE8E0A81D7910A000FE256E /* PBXTargetDependency */ = {
			isa = PBXTargetDependency;
			target = 2DE8E0811D7910A000FE256E /* FRLabelChooseDemo-wangyi */;
			targetProxy = 2DE8E0A71D7910A000FE256E /* PBXContainerItemProxy */;
		};
/* End PBXTargetDependency section */

/* Begin PBXVariantGroup section */
		2DE8E08E1D7910A000FE256E /* Main.storyboard */ = {
			isa = PBXVariantGroup;
			children = (
				2DE8E08F1D7910A000FE256E /* Base */,
			);
			name = Main.storyboard;
			sourceTree = "<group>";
		};
		2DE8E0931D7910A000FE256E /* LaunchScreen.storyboard */ = {
			isa = PBXVariantGroup;
			children = (
				2DE8E0941D7910A000FE256E /* Base */,
			);
			name = LaunchScreen.storyboard;
			sourceTree = "<group>";
		};
/* End PBXVariantGroup section */

/* Begin XCBuildConfiguration section */
		2DE8E0AD1D7910A000FE256E /* Debug */ = {
			isa = XCBuildConfiguration;
			buildSettings = {
				ALWAYS_SEARCH_USER_PATHS = NO;
				CLANG_ANALYZER_NONNULL = YES;
				CLANG_CXX_LANGUAGE_STANDARD = "gnu++0x";
				CLANG_CXX_LIBRARY = "libc++";
				CLANG_ENABLE_MODULES = YES;
				CLANG_ENABLE_OBJC_ARC = YES;
				CLANG_WARN_BOOL_CONVERSION = YES;
				CLANG_WARN_CONSTANT_CONVERSION = YES;
				CLANG_WARN_DIRECT_OBJC_ISA_USAGE = YES_ERROR;
				CLANG_WARN_EMPTY_BODY = YES;
				CLANG_WARN_ENUM_CONVERSION = YES;
				CLANG_WARN_INT_CONVERSION = YES;
				CLANG_WARN_OBJC_ROOT_CLASS = YES_ERROR;
				CLANG_WARN_UNREACHABLE_CODE = YES;
				CLANG_WARN__DUPLICATE_METHOD_MATCH = YES;
				"CODE_SIGN_IDENTITY[sdk=iphoneos*]" = "iPhone Developer";
				COPY_PHASE_STRIP = NO;
				DEBUG_INFORMATION_FORMAT = dwarf;
				ENABLE_STRICT_OBJC_MSGSEND = YES;
				ENABLE_TESTABILITY = YES;
				GCC_C_LANGUAGE_STANDARD = gnu99;
				GCC_DYNAMIC_NO_PIC = NO;
				GCC_NO_COMMON_BLOCKS = YES;
				GCC_OPTIMIZATION_LEVEL = 0;
				GCC_PREPROCESSOR_DEFINITIONS = (
					"DEBUG=1",
					"$(inherited)",
				);
				GCC_WARN_64_TO_32_BIT_CONVERSION = YES;
				GCC_WARN_ABOUT_RETURN_TYPE = YES_ERROR;
				GCC_WARN_UNDECLARED_SELECTOR = YES;
				GCC_WARN_UNINITIALIZED_AUTOS = YES_AGGRESSIVE;
				GCC_WARN_UNUSED_FUNCTION = YES;
				GCC_WARN_UNUSED_VARIABLE = YES;
				IPHONEOS_DEPLOYMENT_TARGET = 9.3;
				MTL_ENABLE_DEBUG_INFO = YES;
				ONLY_ACTIVE_ARCH = YES;
				SDKROOT = iphoneos;
				TARGETED_DEVICE_FAMILY = "1,2";
			};
			name = Debug;
		};
		2DE8E0AE1D7910A000FE256E /* Release */ = {
			isa = XCBuildConfiguration;
			buildSettings = {
				ALWAYS_SEARCH_USER_PATHS = NO;
				CLANG_ANALYZER_NONNULL = YES;
				CLANG_CXX_LANGUAGE_STANDARD = "gnu++0x";
				CLANG_CXX_LIBRARY = "libc++";
				CLANG_ENABLE_MODULES = YES;
				CLANG_ENABLE_OBJC_ARC = YES;
				CLANG_WARN_BOOL_CONVERSION = YES;
				CLANG_WARN_CONSTANT_CONVERSION = YES;
				CLANG_WARN_DIRECT_OBJC_ISA_USAGE = YES_ERROR;
				CLANG_WARN_EMPTY_BODY = YES;
				CLANG_WARN_ENUM_CONVERSION = YES;
				CLANG_WARN_INT_CONVERSION = YES;
				CLANG_WARN_OBJC_ROOT_CLASS = YES_ERROR;
				CLANG_WARN_UNREACHABLE_CODE = YES;
				CLANG_WARN__DUPLICATE_METHOD_MATCH = YES;
				"CODE_SIGN_IDENTITY[sdk=iphoneos*]" = "iPhone Developer";
				COPY_PHASE_STRIP = NO;
				DEBUG_INFORMATION_FORMAT = "dwarf-with-dsym";
				ENABLE_NS_ASSERTIONS = NO;
				ENABLE_STRICT_OBJC_MSGSEND = YES;
				GCC_C_LANGUAGE_STANDARD = gnu99;
				GCC_NO_COMMON_BLOCKS = YES;
				GCC_WARN_64_TO_32_BIT_CONVERSION = YES;
				GCC_WARN_ABOUT_RETURN_TYPE = YES_ERROR;
				GCC_WARN_UNDECLARED_SELECTOR = YES;
				GCC_WARN_UNINITIALIZED_AUTOS = YES_AGGRESSIVE;
				GCC_WARN_UNUSED_FUNCTION = YES;
				GCC_WARN_UNUSED_VARIABLE = YES;
				IPHONEOS_DEPLOYMENT_TARGET = 9.3;
				MTL_ENABLE_DEBUG_INFO = NO;
				SDKROOT = iphoneos;
				TARGETED_DEVICE_FAMILY = "1,2";
				VALIDATE_PRODUCT = YES;
			};
			name = Release;
		};
		2DE8E0B01D7910A000FE256E /* Debug */ = {
			isa = XCBuildConfiguration;
			buildSettings = {
				ASSETCATALOG_COMPILER_APPICON_NAME = AppIcon;
				GCC_PREFIX_HEADER = "/Users/zhangfurun/Desktop/Github/FRLabelChooseDemo-wangyi/FRLabelChooseDemo-wangyi/FRLabel/FRLabel.pch";
				INFOPLIST_FILE = "FRLabelChooseDemo-wangyi/Info.plist";
				LD_RUNPATH_SEARCH_PATHS = "$(inherited) @executable_path/Frameworks";
				PRODUCT_BUNDLE_IDENTIFIER = "com.zhangfurun.haifeng.FRLabelChooseDemo-wangyi";
				PRODUCT_NAME = "$(TARGET_NAME)";
			};
			name = Debug;
		};
		2DE8E0B11D7910A000FE256E /* Release */ = {
			isa = XCBuildConfiguration;
			buildSettings = {
				ASSETCATALOG_COMPILER_APPICON_NAME = AppIcon;
				GCC_PREFIX_HEADER = "/Users/zhangfurun/Desktop/Github/FRLabelChooseDemo-wangyi/FRLabelChooseDemo-wangyi/FRLabel/FRLabel.pch";
				INFOPLIST_FILE = "FRLabelChooseDemo-wangyi/Info.plist";
				LD_RUNPATH_SEARCH_PATHS = "$(inherited) @executable_path/Frameworks";
				PRODUCT_BUNDLE_IDENTIFIER = "com.zhangfurun.haifeng.FRLabelChooseDemo-wangyi";
				PRODUCT_NAME = "$(TARGET_NAME)";
			};
			name = Release;
		};
		2DE8E0B31D7910A000FE256E /* Debug */ = {
			isa = XCBuildConfiguration;
			buildSettings = {
				BUNDLE_LOADER = "$(TEST_HOST)";
				INFOPLIST_FILE = "FRLabelChooseDemo-wangyiTests/Info.plist";
				LD_RUNPATH_SEARCH_PATHS = "$(inherited) @executable_path/Frameworks @loader_path/Frameworks";
				PRODUCT_BUNDLE_IDENTIFIER = "com.zhangfurun.haifeng.FRLabelChooseDemo-wangyiTests";
				PRODUCT_NAME = "$(TARGET_NAME)";
				TEST_HOST = "$(BUILT_PRODUCTS_DIR)/FRLabelChooseDemo-wangyi.app/FRLabelChooseDemo-wangyi";
			};
			name = Debug;
		};
		2DE8E0B41D7910A000FE256E /* Release */ = {
			isa = XCBuildConfiguration;
			buildSettings = {
				BUNDLE_LOADER = "$(TEST_HOST)";
				INFOPLIST_FILE = "FRLabelChooseDemo-wangyiTests/Info.plist";
				LD_RUNPATH_SEARCH_PATHS = "$(inherited) @executable_path/Frameworks @loader_path/Frameworks";
				PRODUCT_BUNDLE_IDENTIFIER = "com.zhangfurun.haifeng.FRLabelChooseDemo-wangyiTests";
				PRODUCT_NAME = "$(TARGET_NAME)";
				TEST_HOST = "$(BUILT_PRODUCTS_DIR)/FRLabelChooseDemo-wangyi.app/FRLabelChooseDemo-wangyi";
			};
			name = Release;
		};
		2DE8E0B61D7910A000FE256E /* Debug */ = {
			isa = XCBuildConfiguration;
			buildSettings = {
				INFOPLIST_FILE = "FRLabelChooseDemo-wangyiUITests/Info.plist";
				LD_RUNPATH_SEARCH_PATHS = "$(inherited) @executable_path/Frameworks @loader_path/Frameworks";
				PRODUCT_BUNDLE_IDENTIFIER = "com.zhangfurun.haifeng.FRLabelChooseDemo-wangyiUITests";
				PRODUCT_NAME = "$(TARGET_NAME)";
				TEST_TARGET_NAME = "FRLabelChooseDemo-wangyi";
			};
			name = Debug;
		};
		2DE8E0B71D7910A000FE256E /* Release */ = {
			isa = XCBuildConfiguration;
			buildSettings = {
				INFOPLIST_FILE = "FRLabelChooseDemo-wangyiUITests/Info.plist";
				LD_RUNPATH_SEARCH_PATHS = "$(inherited) @executable_path/Frameworks @loader_path/Frameworks";
				PRODUCT_BUNDLE_IDENTIFIER = "com.zhangfurun.haifeng.FRLabelChooseDemo-wangyiUITests";
				PRODUCT_NAME = "$(TARGET_NAME)";
				TEST_TARGET_NAME = "FRLabelChooseDemo-wangyi";
			};
			name = Release;
		};
/* End XCBuildConfiguration section */

/* Begin XCConfigurationList section */
		2DE8E07D1D7910A000FE256E /* Build configuration list for PBXProject "FRLabelChooseDemo-wangyi" */ = {
			isa = XCConfigurationList;
			buildConfigurations = (
				2DE8E0AD1D7910A000FE256E /* Debug */,
				2DE8E0AE1D7910A000FE256E /* Release */,
			);
			defaultConfigurationIsVisible = 0;
			defaultConfigurationName = Release;
		};
		2DE8E0AF1D7910A000FE256E /* Build configuration list for PBXNativeTarget "FRLabelChooseDemo-wangyi" */ = {
			isa = XCConfigurationList;
			buildConfigurations = (
				2DE8E0B01D7910A000FE256E /* Debug */,
				2DE8E0B11D7910A000FE256E /* Release */,
			);
			defaultConfigurationIsVisible = 0;
		};
		2DE8E0B21D7910A000FE256E /* Build configuration list for PBXNativeTarget "FRLabelChooseDemo-wangyiTests" */ = {
			isa = XCConfigurationList;
			buildConfigurations = (
				2DE8E0B31D7910A000FE256E /* Debug */,
				2DE8E0B41D7910A000FE256E /* Release */,
			);
			defaultConfigurationIsVisible = 0;
		};
		2DE8E0B51D7910A000FE256E /* Build configuration list for PBXNativeTarget "FRLabelChooseDemo-wangyiUITests" */ = {
			isa = XCConfigurationList;
			buildConfigurations = (
				2DE8E0B61D7910A000FE256E /* Debug */,
				2DE8E0B71D7910A000FE256E /* Release */,
			);
			defaultConfigurationIsVisible = 0;
		};
/* End XCConfigurationList section */
	};
	rootObject = 2DE8E07A1D7910A000FE256E /* Project object */;
}
